
Microsoft Visual Studio Solution File, Format Version 12.00
# Visual Studio Version 17
VisualStudioVersion = 17.1.32228.430
MinimumVisualStudioVersion = 10.0.40219.1
Project("{FAE04EC0-301F-11D3-BF4B-00C04F79EFBC}") = "Composite", "Composite.csproj", "{1E1BAA38-7CB8-477B-9E3D-1C9A2F51467F}"
EndProject
Global
	GlobalSection(SolutionConfigurationPlatforms) = preSolution
		Debug|Any CPU = Debug|Any CPU
		Release|Any CPU = Release|Any CPU
	EndGlobalSection
	GlobalSection(ProjectConfigurationPlatforms) = postSolution
		{1E1BAA38-7CB8-477B-9E3D-1C9A2F51467F}.Debug|Any CPU.ActiveCfg = Debug|Any CPU
		{1E1BAA38-7CB8-477B-9E3D-1C9A2F51467F}.Debug|Any CPU.Build.0 = Debug|Any CPU
		{1E1BAA38-7CB8-477B-9E3D-1C9A2F51467F}.Release|Any CPU.ActiveCfg = Release|Any CPU
		{1E1BAA38-7CB8-477B-9E3D-1C9A2F51467F}.Release|Any CPU.Build.0 = Release|Any CPU
	EndGlobalSection
	GlobalSection(SolutionProperties) = preSolution
		HideSolutionNode = FALSE
	EndGlobalSection
	GlobalSection(ExtensibilityGlobals) = postSolution
		SolutionGuid = {5B29CB78-BE3E-4DE7-89FF-81ADBE4CDAF4}
	EndGlobalSection
EndGlobal
